Microsoft Visual Studio Solution File, Format Version 9.00
# Visual Studio 2005
Project("{8BC9CEB8-8B4A-11D0-8D11-00A0C91BC942}") = "mvdcore", "mvdcore\mvdcore.vcproj", "{30044428-0DB6-3572-AEB3-AF48F67159F2}"
	GlobalSection(Qt) = preSolution
		Integration = True
	EndGlobalSection
EndProject
Project("{8BC9CEB8-8B4A-11D0-8D11-00A0C91BC942}") = "movida", "movida\Movida.vcproj", "{63D2DA99-D373-3BD3-A855-B75B017C0D2D}"
	GlobalSection(Qt) = preSolution
		Integration = True
	EndGlobalSection
	ProjectSection(ProjectDependencies) = postProject
		{30044428-0DB6-3572-AEB3-AF48F67159F2} = {30044428-0DB6-3572-AEB3-AF48F67159F2}
		{7EDBF775-58DA-3D97-A79B-BE8F52F99EF9} = {7EDBF775-58DA-3D97-A79B-BE8F52F99EF9}
		{BFAA48C1-A494-38EB-9024-BD4329D84080} = {BFAA48C1-A494-38EB-9024-BD4329D84080}
		{D04772C7-5687-3BCC-85C0-64BC7B60F7AA} = {D04772C7-5687-3BCC-85C0-64BC7B60F7AA}
	EndProjectSection
EndProject
Project("{8BC9CEB8-8B4A-11D0-8D11-00A0C91BC942}") = "mvdshared", "mvdshared\mvdshared.vcproj", "{BFAA48C1-A494-38EB-9024-BD4329D84080}"
	GlobalSection(Qt) = preSolution
		Integration = True
	EndGlobalSection
	ProjectSection(ProjectDependencies) = postProject
		{30044428-0DB6-3572-AEB3-AF48F67159F2} = {30044428-0DB6-3572-AEB3-AF48F67159F2}
	EndProjectSection
EndProject
Project("{8BC9CEB8-8B4A-11D0-8D11-00A0C91BC942}") = "mpiblue", "mpiblue\mpiblue.vcproj", "{7EDBF775-58DA-3D97-A79B-BE8F52F99EF9}"
	GlobalSection(Qt) = preSolution
		Integration = True
	EndGlobalSection
	ProjectSection(ProjectDependencies) = postProject
		{30044428-0DB6-3572-AEB3-AF48F67159F2} = {30044428-0DB6-3572-AEB3-AF48F67159F2}
		{BFAA48C1-A494-38EB-9024-BD4329D84080} = {BFAA48C1-A494-38EB-9024-BD4329D84080}
	EndProjectSection
EndProject
Project("{8BC9CEB8-8B4A-11D0-8D11-00A0C91BC942}") = "mvdcrash", "mvdcrash\MvdCrash.vcproj", "{06B9470F-35F3-3430-8E58-12BB7ACF03AB}"
	GlobalSection(Qt) = preSolution
		Integration = True
	EndGlobalSection
EndProject
Project("{2150E333-8FDC-42A3-9474-1A3956D46DE8}") = "Plugins", "Plugins", "{52161C40-9219-4AC9-AA1E-7D3B4B1857BF}"
EndProject
Project("{8BC9CEB8-8B4A-11D0-8D11-00A0C91BC942}") = "mvdsvgz", "mvdsvgz\mvdsvgz.vcproj", "{D04772C7-5687-3BCC-85C0-64BC7B60F7AA}"
	GlobalSection(Qt) = preSolution
		Integration = True
	EndGlobalSection
EndProject
Global
	GlobalSection(SolutionConfigurationPlatforms) = preSolution
		Debug|Win32 = Debug|Win32
		Release|Win32 = Release|Win32
	EndGlobalSection
	GlobalSection(ProjectConfigurationPlatforms) = postSolution
		{30044428-0DB6-3572-AEB3-AF48F67159F2}.Debug|Win32.ActiveCfg = Debug|Win32
		{30044428-0DB6-3572-AEB3-AF48F67159F2}.Debug|Win32.Build.0 = Debug|Win32
		{30044428-0DB6-3572-AEB3-AF48F67159F2}.Release|Win32.ActiveCfg = Release|Win32
		{30044428-0DB6-3572-AEB3-AF48F67159F2}.Release|Win32.Build.0 = Release|Win32
		{63D2DA99-D373-3BD3-A855-B75B017C0D2D}.Debug|Win32.ActiveCfg = Debug|Win32
		{63D2DA99-D373-3BD3-A855-B75B017C0D2D}.Debug|Win32.Build.0 = Debug|Win32
		{63D2DA99-D373-3BD3-A855-B75B017C0D2D}.Release|Win32.ActiveCfg = Release|Win32
		{63D2DA99-D373-3BD3-A855-B75B017C0D2D}.Release|Win32.Build.0 = Release|Win32
		{BFAA48C1-A494-38EB-9024-BD4329D84080}.Debug|Win32.ActiveCfg = Debug|Win32
		{BFAA48C1-A494-38EB-9024-BD4329D84080}.Debug|Win32.Build.0 = Debug|Win32
		{BFAA48C1-A494-38EB-9024-BD4329D84080}.Release|Win32.ActiveCfg = Release|Win32
		{BFAA48C1-A494-38EB-9024-BD4329D84080}.Release|Win32.Build.0 = Release|Win32
		{7EDBF775-58DA-3D97-A79B-BE8F52F99EF9}.Debug|Win32.ActiveCfg = Debug|Win32
		{7EDBF775-58DA-3D97-A79B-BE8F52F99EF9}.Debug|Win32.Build.0 = Debug|Win32
		{7EDBF775-58DA-3D97-A79B-BE8F52F99EF9}.Release|Win32.ActiveCfg = Release|Win32
		{7EDBF775-58DA-3D97-A79B-BE8F52F99EF9}.Release|Win32.Build.0 = Release|Win32
		{06B9470F-35F3-3430-8E58-12BB7ACF03AB}.Debug|Win32.ActiveCfg = Debug|Win32
		{06B9470F-35F3-3430-8E58-12BB7ACF03AB}.Debug|Win32.Build.0 = Debug|Win32
		{06B9470F-35F3-3430-8E58-12BB7ACF03AB}.Release|Win32.ActiveCfg = Release|Win32
		{06B9470F-35F3-3430-8E58-12BB7ACF03AB}.Release|Win32.Build.0 = Release|Win32
		{D04772C7-5687-3BCC-85C0-64BC7B60F7AA}.Debug|Win32.ActiveCfg = Debug|Win32
		{D04772C7-5687-3BCC-85C0-64BC7B60F7AA}.Debug|Win32.Build.0 = Debug|Win32
		{D04772C7-5687-3BCC-85C0-64BC7B60F7AA}.Release|Win32.ActiveCfg = Release|Win32
		{D04772C7-5687-3BCC-85C0-64BC7B60F7AA}.Release|Win32.Build.0 = Release|Win32
	EndGlobalSection
	GlobalSection(SolutionProperties) = preSolution
		HideSolutionNode = FALSE
	EndGlobalSection
	GlobalSection(NestedProjects) = preSolution
		{7EDBF775-58DA-3D97-A79B-BE8F52F99EF9} = {52161C40-9219-4AC9-AA1E-7D3B4B1857BF}
	EndGlobalSection
EndGlobal
