Microsoft Visual Studio Solution File, Format Version 9.00
# Visual Studio 2005
Project("{8BC9CEB8-8B4A-11D0-8D11-00A0C91BC942}") = "mvdcore", "mvdcore\mvdcore.vcproj", "{42FA0F01-F4DC-3F48-B661-9721CCE8828D}"
	GlobalSection(Qt) = preSolution
		Integration = True
	EndGlobalSection
EndProject
Project("{8BC9CEB8-8B4A-11D0-8D11-00A0C91BC942}") = "Movida", "movida\Movida.vcproj", "{4DD504A8-DDFA-3728-B3F1-CE0D8C12F63B}"
	GlobalSection(Qt) = preSolution
		Integration = True
	EndGlobalSection
	ProjectSection(ProjectDependencies) = postProject
		{42FA0F01-F4DC-3F48-B661-9721CCE8828D} = {42FA0F01-F4DC-3F48-B661-9721CCE8828D}
		{5D282ECF-AC03-3A4A-8873-404AD04EA2C3} = {5D282ECF-AC03-3A4A-8873-404AD04EA2C3}
	EndProjectSection
EndProject
Project("{8BC9CEB8-8B4A-11D0-8D11-00A0C91BC942}") = "mvdshared", "mvdshared\mvdshared.vcproj", "{5D282ECF-AC03-3A4A-8873-404AD04EA2C3}"
	GlobalSection(Qt) = preSolution
		Integration = True
	EndGlobalSection
	ProjectSection(ProjectDependencies) = postProject
		{42FA0F01-F4DC-3F48-B661-9721CCE8828D} = {42FA0F01-F4DC-3F48-B661-9721CCE8828D}
	EndProjectSection
EndProject
Project("{8BC9CEB8-8B4A-11D0-8D11-00A0C91BC942}") = "blue.mpi", "mpiblue\mpiblue.vcproj", "{D8808C44-A99B-3015-94CE-CDBCB7A83D7A}"
	GlobalSection(Qt) = preSolution
		Integration = True
	EndGlobalSection
	ProjectSection(ProjectDependencies) = postProject
		{42FA0F01-F4DC-3F48-B661-9721CCE8828D} = {42FA0F01-F4DC-3F48-B661-9721CCE8828D}
		{5D282ECF-AC03-3A4A-8873-404AD04EA2C3} = {5D282ECF-AC03-3A4A-8873-404AD04EA2C3}
	EndProjectSection
EndProject
Global
	GlobalSection(Qt) = preSolution
		Integration = True
	EndGlobalSection
	GlobalSection(SolutionConfigurationPlatforms) = preSolution
		Debug|Win32 = Debug|Win32
		Release|Win32 = Release|Win32
	EndGlobalSection
	GlobalSection(ProjectConfigurationPlatforms) = postSolution
		{42FA0F01-F4DC-3F48-B661-9721CCE8828D}.Debug|Win32.ActiveCfg = Debug|Win32
		{42FA0F01-F4DC-3F48-B661-9721CCE8828D}.Debug|Win32.Build.0 = Debug|Win32
		{42FA0F01-F4DC-3F48-B661-9721CCE8828D}.Release|Win32.ActiveCfg = Release|Win32
		{42FA0F01-F4DC-3F48-B661-9721CCE8828D}.Release|Win32.Build.0 = Release|Win32
		{4DD504A8-DDFA-3728-B3F1-CE0D8C12F63B}.Debug|Win32.ActiveCfg = Debug|Win32
		{4DD504A8-DDFA-3728-B3F1-CE0D8C12F63B}.Debug|Win32.Build.0 = Debug|Win32
		{4DD504A8-DDFA-3728-B3F1-CE0D8C12F63B}.Release|Win32.ActiveCfg = Release|Win32
		{4DD504A8-DDFA-3728-B3F1-CE0D8C12F63B}.Release|Win32.Build.0 = Release|Win32
		{5D282ECF-AC03-3A4A-8873-404AD04EA2C3}.Debug|Win32.ActiveCfg = Debug|Win32
		{5D282ECF-AC03-3A4A-8873-404AD04EA2C3}.Debug|Win32.Build.0 = Debug|Win32
		{5D282ECF-AC03-3A4A-8873-404AD04EA2C3}.Release|Win32.ActiveCfg = Release|Win32
		{5D282ECF-AC03-3A4A-8873-404AD04EA2C3}.Release|Win32.Build.0 = Release|Win32
		{D8808C44-A99B-3015-94CE-CDBCB7A83D7A}.Debug|Win32.ActiveCfg = Debug|Win32
		{D8808C44-A99B-3015-94CE-CDBCB7A83D7A}.Debug|Win32.Build.0 = Debug|Win32
		{D8808C44-A99B-3015-94CE-CDBCB7A83D7A}.Release|Win32.ActiveCfg = Release|Win32
		{D8808C44-A99B-3015-94CE-CDBCB7A83D7A}.Release|Win32.Build.0 = Release|Win32
	EndGlobalSection
	GlobalSection(SolutionProperties) = preSolution
		HideSolutionNode = FALSE
	EndGlobalSection
EndGlobal
