Microsoft Visual Studio Solution File, Format Version 9.00
# Visual Studio 2005
Project("{8BC9CEB8-8B4A-11D0-8D11-00A0C91BC942}") = "mvdcore", "mvdcore\mvdcore.vcproj", "{42FA0F01-F4DC-3F48-B661-9721CCE8828D}"
	GlobalSection(Qt) = preSolution
		Integration = True
	EndGlobalSection
EndProject
Project("{8BC9CEB8-8B4A-11D0-8D11-00A0C91BC942}") = "Movida", "movida\Movida.vcproj", "{4DD504A8-DDFA-3728-B3F1-CE0D8C12F63B}"
	GlobalSection(Qt) = preSolution
		Integration = True
	EndGlobalSection
	ProjectSection(ProjectDependencies) = postProject
		{42FA0F01-F4DC-3F48-B661-9721CCE8828D} = {42FA0F01-F4DC-3F48-B661-9721CCE8828D}
		{237C256A-64FA-3EFA-8B34-E9B7BA3644A0} = {237C256A-64FA-3EFA-8B34-E9B7BA3644A0}
	EndProjectSection
EndProject
Project("{8BC9CEB8-8B4A-11D0-8D11-00A0C91BC942}") = "mvdshared", "mvdshared\mvdshared.vcproj", "{237C256A-64FA-3EFA-8B34-E9B7BA3644A0}"
	GlobalSection(Qt) = preSolution
		Integration = True
	EndGlobalSection
	ProjectSection(ProjectDependencies) = postProject
		{42FA0F01-F4DC-3F48-B661-9721CCE8828D} = {42FA0F01-F4DC-3F48-B661-9721CCE8828D}
	EndProjectSection
EndProject
Project("{8BC9CEB8-8B4A-11D0-8D11-00A0C91BC942}") = "mpiblue", "mpiblue\mpiblue.vcproj", "{7EDBF775-58DA-3D97-A79B-BE8F52F99EF9}"
	GlobalSection(Qt) = preSolution
		Integration = True
	EndGlobalSection
	ProjectSection(ProjectDependencies) = postProject
		{42FA0F01-F4DC-3F48-B661-9721CCE8828D} = {42FA0F01-F4DC-3F48-B661-9721CCE8828D}
		{237C256A-64FA-3EFA-8B34-E9B7BA3644A0} = {237C256A-64FA-3EFA-8B34-E9B7BA3644A0}
	EndProjectSection
EndProject
Project("{8BC9CEB8-8B4A-11D0-8D11-00A0C91BC942}") = "MvdCrash", "mvdcrash\MvdCrash.vcproj", "{2E61C0FC-F3E2-334E-8521-A64D5EBE13B1}"
	GlobalSection(Qt) = preSolution
		Integration = True
	EndGlobalSection
EndProject
Global
	GlobalSection(Qt) = preSolution
		Integration = True
	EndGlobalSection
	GlobalSection(SolutionConfigurationPlatforms) = preSolution
		Debug|Win32 = Debug|Win32
		Release|Win32 = Release|Win32
	EndGlobalSection
	GlobalSection(ProjectConfigurationPlatforms) = postSolution
		{42FA0F01-F4DC-3F48-B661-9721CCE8828D}.Debug|Win32.ActiveCfg = Debug|Win32
		{42FA0F01-F4DC-3F48-B661-9721CCE8828D}.Debug|Win32.Build.0 = Debug|Win32
		{42FA0F01-F4DC-3F48-B661-9721CCE8828D}.Release|Win32.ActiveCfg = Release|Win32
		{42FA0F01-F4DC-3F48-B661-9721CCE8828D}.Release|Win32.Build.0 = Release|Win32
		{4DD504A8-DDFA-3728-B3F1-CE0D8C12F63B}.Debug|Win32.ActiveCfg = Debug|Win32
		{4DD504A8-DDFA-3728-B3F1-CE0D8C12F63B}.Debug|Win32.Build.0 = Debug|Win32
		{4DD504A8-DDFA-3728-B3F1-CE0D8C12F63B}.Release|Win32.ActiveCfg = Release|Win32
		{4DD504A8-DDFA-3728-B3F1-CE0D8C12F63B}.Release|Win32.Build.0 = Release|Win32
		{237C256A-64FA-3EFA-8B34-E9B7BA3644A0}.Debug|Win32.ActiveCfg = Debug|Win32
		{237C256A-64FA-3EFA-8B34-E9B7BA3644A0}.Debug|Win32.Build.0 = Debug|Win32
		{237C256A-64FA-3EFA-8B34-E9B7BA3644A0}.Release|Win32.ActiveCfg = Release|Win32
		{237C256A-64FA-3EFA-8B34-E9B7BA3644A0}.Release|Win32.Build.0 = Release|Win32
		{7EDBF775-58DA-3D97-A79B-BE8F52F99EF9}.Debug|Win32.ActiveCfg = Debug|Win32
		{7EDBF775-58DA-3D97-A79B-BE8F52F99EF9}.Debug|Win32.Build.0 = Debug|Win32
		{7EDBF775-58DA-3D97-A79B-BE8F52F99EF9}.Release|Win32.ActiveCfg = Release|Win32
		{7EDBF775-58DA-3D97-A79B-BE8F52F99EF9}.Release|Win32.Build.0 = Release|Win32
		{2E61C0FC-F3E2-334E-8521-A64D5EBE13B1}.Debug|Win32.ActiveCfg = Debug|Win32
		{2E61C0FC-F3E2-334E-8521-A64D5EBE13B1}.Debug|Win32.Build.0 = Debug|Win32
		{2E61C0FC-F3E2-334E-8521-A64D5EBE13B1}.Release|Win32.ActiveCfg = Release|Win32
		{2E61C0FC-F3E2-334E-8521-A64D5EBE13B1}.Release|Win32.Build.0 = Release|Win32
	EndGlobalSection
	GlobalSection(SolutionProperties) = preSolution
		HideSolutionNode = FALSE
	EndGlobalSection
EndGlobal
